// !$*UTF8*$!
{
	archiveVersion = 1;
	classes = {
	};
	objectVersion = 46;
	objects = {

/* Begin PBXBuildFile section */
		257B92FF1C2C426A0000FB6B /* AppDelegate.swift in Sources */ = {isa = PBXBuildFile; fileRef = 257B92FE1C2C426A0000FB6B /* AppDelegate.swift */; };
		257B93041C2C426A0000FB6B /* Main.storyboard in Resources */ = {isa = PBXBuildFile; fileRef = 257B93021C2C426A0000FB6B /* Main.storyboard */; };
		257B93061C2C426A0000FB6B /* Assets.xcassets in Resources */ = {isa = PBXBuildFile; fileRef = 257B93051C2C426A0000FB6B /* Assets.xcassets */; };
		257B93091C2C426A0000FB6B /* LaunchScreen.storyboard in Resources */ = {isa = PBXBuildFile; fileRef = 257B93071C2C426A0000FB6B /* LaunchScreen.storyboard */; };
		25CBCDE81C2C441700D9B6D9 /* ScrollingTabBarUtils.swift in Sources */ = {isa = PBXBuildFile; fileRef = 25CBCDE71C2C441700D9B6D9 /* ScrollingTabBarUtils.swift */; };
/* End PBXBuildFile section */

/* Begin PBXFileReference section */
		257B92FB1C2C426A0000FB6B /* ScrollingTabBarDemo.app */ = {isa = PBXFileReference; explicitFileType = wrapper.application; includeInIndex = 0; path = ScrollingTabBarDemo.app; sourceTree = BUILT_PRODUCTS_DIR; };
		257B92FE1C2C426A0000FB6B /* AppDelegate.swift */ = {isa = PBXFileReference; lastKnownFileType = sourcecode.swift; path = AppDelegate.swift; sourceTree = "<group>"; };
		257B93031C2C426A0000FB6B /* Base */ = {isa = PBXFileReference; lastKnownFileType = file.storyboard; name = Base; path = Base.lproj/Main.storyboard; sourceTree = "<group>"; };
		257B93051C2C426A0000FB6B /* Assets.xcassets */ = {isa = PBXFileReference; lastKnownFileType = folder.assetcatalog; path = Assets.xcassets; sourceTree = "<group>"; };
		257B93081C2C426A0000FB6B /* Base */ = {isa = PBXFileReference; lastKnownFileType = file.storyboard; name = Base; path = Base.lproj/LaunchScreen.storyboard; sourceTree = "<group>"; };
		257B930A1C2C426A0000FB6B /* Info.plist */ = {isa = PBXFileReference; lastKnownFileType = text.plist.xml; path = Info.plist; sourceTree = "<group>"; };
		25CBCDE71C2C441700D9B6D9 /* ScrollingTabBarUtils.swift */ = {isa = PBXFileReference; fileEncoding = 4; lastKnownFileType = sourcecode.swift; path = ScrollingTabBarUtils.swift; sourceTree = "<group>"; };
/* End PBXFileReference section */

/* Begin PBXFrameworksBuildPhase section */
		257B92F81C2C426A0000FB6B /* Frameworks */ = {
			isa = PBXFrameworksBuildPhase;
			buildActionMask = 2147483647;
			files = (
			);
			runOnlyForDeploymentPostprocessing = 0;
		};
/* End PBXFrameworksBuildPhase section */

/* Begin PBXGroup section */
		257B92F21C2C426A0000FB6B = {
			isa = PBXGroup;
			children = (
				257B92FD1C2C426A0000FB6B /* ScrollingTabBarDemo */,
				257B92FC1C2C426A0000FB6B /* Products */,
			);
			sourceTree = "<group>";
		};
		257B92FC1C2C426A0000FB6B /* Products */ = {
			isa = PBXGroup;
			children = (
				257B92FB1C2C426A0000FB6B /* ScrollingTabBarDemo.app */,
			);
			name = Products;
			sourceTree = "<group>";
		};
		257B92FD1C2C426A0000FB6B /* ScrollingTabBarDemo */ = {
			isa = PBXGroup;
			children = (
				257B92FE1C2C426A0000FB6B /* AppDelegate.swift */,
				25CBCDE71C2C441700D9B6D9 /* ScrollingTabBarUtils.swift */,
				257B93021C2C426A0000FB6B /* Main.storyboard */,
				257B93051C2C426A0000FB6B /* Assets.xcassets */,
				257B93071C2C426A0000FB6B /* LaunchScreen.storyboard */,
				257B930A1C2C426A0000FB6B /* Info.plist */,
			);
			name = ScrollingTabBarDemo;
			path = AnimatedTabBar;
			sourceTree = "<group>";
		};
/* End PBXGroup section */

/* Begin PBXNativeTarget section */
		257B92FA1C2C426A0000FB6B /* ScrollingTabBarDemo */ = {
			isa = PBXNativeTarget;
			buildConfigurationList = 257B93231C2C426B0000FB6B /* Build configuration list for PBXNativeTarget "ScrollingTabBarDemo" */;
			buildPhases = (
				257B92F71C2C426A0000FB6B /* Sources */,
				257B92F81C2C426A0000FB6B /* Frameworks */,
				257B92F91C2C426A0000FB6B /* Resources */,
			);
			buildRules = (
			);
			dependencies = (
			);
			name = ScrollingTabBarDemo;
			productName = AnimatedTabBar;
			productReference = 257B92FB1C2C426A0000FB6B /* ScrollingTabBarDemo.app */;
			productType = "com.apple.product-type.application";
		};
/* End PBXNativeTarget section */

/* Begin PBXProject section */
		257B92F31C2C426A0000FB6B /* Project object */ = {
			isa = PBXProject;
			attributes = {
				LastSwiftUpdateCheck = 0720;
				LastUpgradeCheck = 0720;
				ORGANIZATIONNAME = "Franklin Schrans";
				TargetAttributes = {
					257B92FA1C2C426A0000FB6B = {
						CreatedOnToolsVersion = 7.2;
					};
				};
			};
			buildConfigurationList = 257B92F61C2C426A0000FB6B /* Build configuration list for PBXProject "ScrollingTabBarDemo" */;
			compatibilityVersion = "Xcode 3.2";
			developmentRegion = English;
			hasScannedForEncodings = 0;
			knownRegions = (
				en,
				Base,
			);
			mainGroup = 257B92F21C2C426A0000FB6B;
			productRefGroup = 257B92FC1C2C426A0000FB6B /* Products */;
			projectDirPath = "";
			projectRoot = "";
			targets = (
				257B92FA1C2C426A0000FB6B /* ScrollingTabBarDemo */,
			);
		};
/* End PBXProject section */

/* Begin PBXResourcesBuildPhase section */
		257B92F91C2C426A0000FB6B /* Resources */ = {
			isa = PBXResourcesBuildPhase;
			buildActionMask = 2147483647;
			files = (
				257B93091C2C426A0000FB6B /* LaunchScreen.storyboard in Resources */,
				257B93061C2C426A0000FB6B /* Assets.xcassets in Resources */,
				257B93041C2C426A0000FB6B /* Main.storyboard in Resources */,
			);
			runOnlyForDeploymentPostprocessing = 0;
		};
/* End PBXResourcesBuildPhase section */

/* Begin PBXSourcesBuildPhase section */
		257B92F71C2C426A0000FB6B /* Sources */ = {
			isa = PBXSourcesBuildPhase;
			buildActionMask = 2147483647;
			files = (
				25CBCDE81C2C441700D9B6D9 /* ScrollingTabBarUtils.swift in Sources */,
				257B92FF1C2C426A0000FB6B /* AppDelegate.swift in Sources */,
			);
			runOnlyForDeploymentPostprocessing = 0;
		};
/* End PBXSourcesBuildPhase section */

/* Begin PBXVariantGroup section */
		257B93021C2C426A0000FB6B /* Main.storyboard */ = {
			isa = PBXVariantGroup;
			children = (
				257B93031C2C426A0000FB6B /* Base */,
			);
			name = Main.storyboard;
			sourceTree = "<group>";
		};
		257B93071C2C426A0000FB6B /* LaunchScreen.storyboard */ = {
			isa = PBXVariantGroup;
			children = (
				257B93081C2C426A0000FB6B /* Base */,
			);
			name = LaunchScreen.storyboard;
			sourceTree = "<group>";
		};
/* End PBXVariantGroup section */

/* Begin XCBuildConfiguration section */
		257B93211C2C426B0000FB6B /* Debug */ = {
			isa = XCBuildConfiguration;
			buildSettings = {
				ALWAYS_SEARCH_USER_PATHS = NO;
				CLANG_CXX_LANGUAGE_STANDARD = "gnu++0x";
				CLANG_CXX_LIBRARY = "libc++";
				CLANG_ENABLE_MODULES = YES;
				CLANG_ENABLE_OBJC_ARC = YES;
				CLANG_WARN_BOOL_CONVERSION = YES;
				CLANG_WARN_CONSTANT_CONVERSION = YES;
				CLANG_WARN_DIRECT_OBJC_ISA_USAGE = YES_ERROR;
				CLANG_WARN_EMPTY_BODY = YES;
				CLANG_WARN_ENUM_CONVERSION = YES;
				CLANG_WARN_INT_CONVERSION = YES;
				CLANG_WARN_OBJC_ROOT_CLASS = YES_ERROR;
				CLANG_WARN_UNREACHABLE_CODE = YES;
				CLANG_WARN__DUPLICATE_METHOD_MATCH = YES;
				"CODE_SIGN_IDENTITY[sdk=iphoneos*]" = "iPhone Developer";
				COPY_PHASE_STRIP = NO;
				DEBUG_INFORMATION_FORMAT = dwarf;
				ENABLE_STRICT_OBJC_MSGSEND = YES;
				ENABLE_TESTABILITY = YES;
				GCC_C_LANGUAGE_STANDARD = gnu99;
				GCC_DYNAMIC_NO_PIC = NO;
				GCC_NO_COMMON_BLOCKS = YES;
				GCC_OPTIMIZATION_LEVEL = 0;
				GCC_PREPROCESSOR_DEFINITIONS = (
					"DEBUG=1",
					"$(inherited)",
				);
				GCC_WARN_64_TO_32_BIT_CONVERSION = YES;
				GCC_WARN_ABOUT_RETURN_TYPE = YES_ERROR;
				GCC_WARN_UNDECLARED_SELECTOR = YES;
				GCC_WARN_UNINITIALIZED_AUTOS = YES_AGGRESSIVE;
				GCC_WARN_UNUSED_FUNCTION = YES;
				GCC_WARN_UNUSED_VARIABLE = YES;
				IPHONEOS_DEPLOYMENT_TARGET = 9.2;
				MTL_ENABLE_DEBUG_INFO = YES;
				ONLY_ACTIVE_ARCH = YES;
				SDKROOT = iphoneos;
				SWIFT_OPTIMIZATION_LEVEL = "-Onone";
			};
			name = Debug;
		};
		257B93221C2C426B0000FB6B /* Release */ = {
			isa = XCBuildConfiguration;
			buildSettings = {
				ALWAYS_SEARCH_USER_PATHS = NO;
				CLANG_CXX_LANGUAGE_STANDARD = "gnu++0x";
				CLANG_CXX_LIBRARY = "libc++";
				CLANG_ENABLE_MODULES = YES;
				CLANG_ENABLE_OBJC_ARC = YES;
				CLANG_WARN_BOOL_CONVERSION = YES;
				CLANG_WARN_CONSTANT_CONVERSION = YES;
				CLANG_WARN_DIRECT_OBJC_ISA_USAGE = YES_ERROR;
				CLANG_WARN_EMPTY_BODY = YES;
				CLANG_WARN_ENUM_CONVERSION = YES;
				CLANG_WARN_INT_CONVERSION = YES;
				CLANG_WARN_OBJC_ROOT_CLASS = YES_ERROR;
				CLANG_WARN_UNREACHABLE_CODE = YES;
				CLANG_WARN__DUPLICATE_METHOD_MATCH = YES;
				"CODE_SIGN_IDENTITY[sdk=iphoneos*]" = "iPhone Developer";
				COPY_PHASE_STRIP = NO;
				DEBUG_INFORMATION_FORMAT = "dwarf-with-dsym";
				ENABLE_NS_ASSERTIONS = NO;
				ENABLE_STRICT_OBJC_MSGSEND = YES;
				GCC_C_LANGUAGE_STANDARD = gnu99;
				GCC_NO_COMMON_BLOCKS = YES;
				GCC_WARN_64_TO_32_BIT_CONVERSION = YES;
				GCC_WARN_ABOUT_RETURN_TYPE = YES_ERROR;
				GCC_WARN_UNDECLARED_SELECTOR = YES;
				GCC_WARN_UNINITIALIZED_AUTOS = YES_AGGRESSIVE;
				GCC_WARN_UNUSED_FUNCTION = YES;
				GCC_WARN_UNUSED_VARIABLE = YES;
				IPHONEOS_DEPLOYMENT_TARGET = 9.2;
				MTL_ENABLE_DEBUG_INFO = NO;
				SDKROOT = iphoneos;
				VALIDATE_PRODUCT = YES;
			};
			name = Release;
		};
		257B93241C2C426B0000FB6B /* Debug */ = {
			isa = XCBuildConfiguration;
			buildSettings = {
				ASSETCATALOG_COMPILER_APPICON_NAME = AppIcon;
				INFOPLIST_FILE = AnimatedTabBar/Info.plist;
				LD_RUNPATH_SEARCH_PATHS = "$(inherited) @executable_path/Frameworks";
				PRODUCT_BUNDLE_IDENTIFIER = com.franklinschrans.com.AnimatedTabBar;
				PRODUCT_NAME = ScrollingTabBarDemo;
			};
			name = Debug;
		};
		257B93251C2C426B0000FB6B /* Release */ = {
			isa = XCBuildConfiguration;
			buildSettings = {
				ASSETCATALOG_COMPILER_APPICON_NAME = AppIcon;
				INFOPLIST_FILE = AnimatedTabBar/Info.plist;
				LD_RUNPATH_SEARCH_PATHS = "$(inherited) @executable_path/Frameworks";
				PRODUCT_BUNDLE_IDENTIFIER = com.franklinschrans.com.AnimatedTabBar;
				PRODUCT_NAME = ScrollingTabBarDemo;
			};
			name = Release;
		};
/* End XCBuildConfiguration section */

/* Begin XCConfigurationList section */
		257B92F61C2C426A0000FB6B /* Build configuration list for PBXProject "ScrollingTabBarDemo" */ = {
			isa = XCConfigurationList;
			buildConfigurations = (
				257B93211C2C426B0000FB6B /* Debug */,
				257B93221C2C426B0000FB6B /* Release */,
			);
			defaultConfigurationIsVisible = 0;
			defaultConfigurationName = Release;
		};
		257B93231C2C426B0000FB6B /* Build configuration list for PBXNativeTarget "ScrollingTabBarDemo" */ = {
			isa = XCConfigurationList;
			buildConfigurations = (
				257B93241C2C426B0000FB6B /* Debug */,
				257B93251C2C426B0000FB6B /* Release */,
			);
			defaultConfigurationIsVisible = 0;
			defaultConfigurationName = Release;
		};
/* End XCConfigurationList section */
	};
	rootObject = 257B92F31C2C426A0000FB6B /* Project object */;
}
